// !$*UTF8*$!
{
	archiveVersion = 1;
	classes = {
	};
	objectVersion = 50;
	objects = {

/* Begin PBXBuildFile section */
		62A1BEEC25ADA07700A09DB4 /* AppDelegate.m in Sources */ = {isa = PBXBuildFile; fileRef = 62A1BEEB25ADA07700A09DB4 /* AppDelegate.m */; };
		62A1BEF225ADA07700A09DB4 /* ViewController.m in Sources */ = {isa = PBXBuildFile; fileRef = 62A1BEF125ADA07700A09DB4 /* ViewController.m */; };
		62A1BEF725ADA07800A09DB4 /* Assets.xcassets in Resources */ = {isa = PBXBuildFile; fileRef = 62A1BEF625ADA07800A09DB4 /* Assets.xcassets */; };
		62A1BEFA25ADA07800A09DB4 /* LaunchScreen.storyboard in Resources */ = {isa = PBXBuildFile; fileRef = 62A1BEF825ADA07800A09DB4 /* LaunchScreen.storyboard */; };
		62A1BEFD25ADA07800A09DB4 /* main.m in Sources */ = {isa = PBXBuildFile; fileRef = 62A1BEFC25ADA07800A09DB4 /* main.m */; };
		62A1BF0E25ADA0D100A09DB4 /* ITCLogCollectionViewController.m in Sources */ = {isa = PBXBuildFile; fileRef = 62A1BF0825ADA0D100A09DB4 /* ITCLogCollectionViewController.m */; };
		62A1BF0F25ADA0D100A09DB4 /* ITCInfoModel.m in Sources */ = {isa = PBXBuildFile; fileRef = 62A1BF0A25ADA0D100A09DB4 /* ITCInfoModel.m */; };
		62A1BF1025ADA0D100A09DB4 /* ITCLogCollectionManager.m in Sources */ = {isa = PBXBuildFile; fileRef = 62A1BF0C25ADA0D100A09DB4 /* ITCLogCollectionManager.m */; };
		62A1BF1125ADA0D100A09DB4 /* ITCLogCollectionViewController.xib in Resources */ = {isa = PBXBuildFile; fileRef = 62A1BF0D25ADA0D100A09DB4 /* ITCLogCollectionViewController.xib */; };
/* End PBXBuildFile section */

/* Begin PBXFileReference section */
		62A1BEE725ADA07700A09DB4 /* YCLLogCollection.app */ = {isa = PBXFileReference; explicitFileType = wrapper.application; includeInIndex = 0; path = YCLLogCollection.app; sourceTree = BUILT_PRODUCTS_DIR; };
		62A1BEEA25ADA07700A09DB4 /* AppDelegate.h */ = {isa = PBXFileReference; lastKnownFileType = sourcecode.c.h; path = AppDelegate.h; sourceTree = "<group>"; };
		62A1BEEB25ADA07700A09DB4 /* AppDelegate.m */ = {isa = PBXFileReference; lastKnownFileType = sourcecode.c.objc; path = AppDelegate.m; sourceTree = "<group>"; };
		62A1BEF025ADA07700A09DB4 /* ViewController.h */ = {isa = PBXFileReference; lastKnownFileType = sourcecode.c.h; path = ViewController.h; sourceTree = "<group>"; };
		62A1BEF125ADA07700A09DB4 /* ViewController.m */ = {isa = PBXFileReference; lastKnownFileType = sourcecode.c.objc; path = ViewController.m; sourceTree = "<group>"; };
		62A1BEF625ADA07800A09DB4 /* Assets.xcassets */ = {isa = PBXFileReference; lastKnownFileType = folder.assetcatalog; path = Assets.xcassets; sourceTree = "<group>"; };
		62A1BEF925ADA07800A09DB4 /* Base */ = {isa = PBXFileReference; lastKnownFileType = file.storyboard; name = Base; path = Base.lproj/LaunchScreen.storyboard; sourceTree = "<group>"; };
		62A1BEFB25ADA07800A09DB4 /* Info.plist */ = {isa = PBXFileReference; lastKnownFileType = text.plist.xml; path = Info.plist; sourceTree = "<group>"; };
		62A1BEFC25ADA07800A09DB4 /* main.m */ = {isa = PBXFileReference; lastKnownFileType = sourcecode.c.objc; path = main.m; sourceTree = "<group>"; };
		62A1BF0725ADA0D100A09DB4 /* ITCInfoModel.h */ = {isa = PBXFileReference; fileEncoding = 4; lastKnownFileType = sourcecode.c.h; path = ITCInfoModel.h; sourceTree = "<group>"; };
		62A1BF0825ADA0D100A09DB4 /* ITCLogCollectionViewController.m */ = {isa = PBXFileReference; fileEncoding = 4; lastKnownFileType = sourcecode.c.objc; path = ITCLogCollectionViewController.m; sourceTree = "<group>"; };
		62A1BF0925ADA0D100A09DB4 /* ITCLogCollectionManager.h */ = {isa = PBXFileReference; fileEncoding = 4; lastKnownFileType = sourcecode.c.h; path = ITCLogCollectionManager.h; sourceTree = "<group>"; };
		62A1BF0A25ADA0D100A09DB4 /* ITCInfoModel.m */ = {isa = PBXFileReference; fileEncoding = 4; lastKnownFileType = sourcecode.c.objc; path = ITCInfoModel.m; sourceTree = "<group>"; };
		62A1BF0B25ADA0D100A09DB4 /* ITCLogCollectionViewController.h */ = {isa = PBXFileReference; fileEncoding = 4; lastKnownFileType = sourcecode.c.h; path = ITCLogCollectionViewController.h; sourceTree = "<group>"; };
		62A1BF0C25ADA0D100A09DB4 /* ITCLogCollectionManager.m */ = {isa = PBXFileReference; fileEncoding = 4; lastKnownFileType = sourcecode.c.objc; path = ITCLogCollectionManager.m; sourceTree = "<group>"; };
		62A1BF0D25ADA0D100A09DB4 /* ITCLogCollectionViewController.xib */ = {isa = PBXFileReference; fileEncoding = 4; lastKnownFileType = file.xib; path = ITCLogCollectionViewController.xib; sourceTree = "<group>"; };
/* End PBXFileReference section */

/* Begin PBXFrameworksBuildPhase section */
		62A1BEE425ADA07700A09DB4 /* Frameworks */ = {
			isa = PBXFrameworksBuildPhase;
			buildActionMask = 2147483647;
			files = (
			);
			runOnlyForDeploymentPostprocessing = 0;
		};
/* End PBXFrameworksBuildPhase section */

/* Begin PBXGroup section */
		62A1BEDE25ADA07700A09DB4 = {
			isa = PBXGroup;
			children = (
				62A1BEE925ADA07700A09DB4 /* YCLLogCollection */,
				62A1BEE825ADA07700A09DB4 /* Products */,
			);
			sourceTree = "<group>";
		};
		62A1BEE825ADA07700A09DB4 /* Products */ = {
			isa = PBXGroup;
			children = (
				62A1BEE725ADA07700A09DB4 /* YCLLogCollection.app */,
			);
			name = Products;
			sourceTree = "<group>";
		};
		62A1BEE925ADA07700A09DB4 /* YCLLogCollection */ = {
			isa = PBXGroup;
			children = (
				62A1BF0625ADA0D100A09DB4 /* LogCollection */,
				62A1BEEA25ADA07700A09DB4 /* AppDelegate.h */,
				62A1BEEB25ADA07700A09DB4 /* AppDelegate.m */,
				62A1BEF025ADA07700A09DB4 /* ViewController.h */,
				62A1BEF125ADA07700A09DB4 /* ViewController.m */,
				62A1BEF625ADA07800A09DB4 /* Assets.xcassets */,
				62A1BEF825ADA07800A09DB4 /* LaunchScreen.storyboard */,
				62A1BEFB25ADA07800A09DB4 /* Info.plist */,
				62A1BEFC25ADA07800A09DB4 /* main.m */,
			);
			path = YCLLogCollection;
			sourceTree = "<group>";
		};
		62A1BF0625ADA0D100A09DB4 /* LogCollection */ = {
			isa = PBXGroup;
			children = (
				62A1BF0725ADA0D100A09DB4 /* ITCInfoModel.h */,
				62A1BF0A25ADA0D100A09DB4 /* ITCInfoModel.m */,
				62A1BF0925ADA0D100A09DB4 /* ITCLogCollectionManager.h */,
				62A1BF0C25ADA0D100A09DB4 /* ITCLogCollectionManager.m */,
				62A1BF0B25ADA0D100A09DB4 /* ITCLogCollectionViewController.h */,
				62A1BF0825ADA0D100A09DB4 /* ITCLogCollectionViewController.m */,
				62A1BF0D25ADA0D100A09DB4 /* ITCLogCollectionViewController.xib */,
			);
			path = LogCollection;
			sourceTree = SOURCE_ROOT;
		};
/* End PBXGroup section */

/* Begin PBXNativeTarget section */
		62A1BEE625ADA07700A09DB4 /* YCLLogCollection */ = {
			isa = PBXNativeTarget;
			buildConfigurationList = 62A1BF0025ADA07800A09DB4 /* Build configuration list for PBXNativeTarget "YCLLogCollection" */;
			buildPhases = (
				62A1BEE325ADA07700A09DB4 /* Sources */,
				62A1BEE425ADA07700A09DB4 /* Frameworks */,
				62A1BEE525ADA07700A09DB4 /* Resources */,
			);
			buildRules = (
			);
			dependencies = (
			);
			name = YCLLogCollection;
			productName = YCLLogCollection;
			productReference = 62A1BEE725ADA07700A09DB4 /* YCLLogCollection.app */;
			productType = "com.apple.product-type.application";
		};
/* End PBXNativeTarget section */

/* Begin PBXProject section */
		62A1BEDF25ADA07700A09DB4 /* Project object */ = {
			isa = PBXProject;
			attributes = {
				LastUpgradeCheck = 1230;
				TargetAttributes = {
					62A1BEE625ADA07700A09DB4 = {
						CreatedOnToolsVersion = 12.3;
					};
				};
			};
			buildConfigurationList = 62A1BEE225ADA07700A09DB4 /* Build configuration list for PBXProject "YCLLogCollection" */;
			compatibilityVersion = "Xcode 9.3";
			developmentRegion = en;
			hasScannedForEncodings = 0;
			knownRegions = (
				en,
				Base,
			);
			mainGroup = 62A1BEDE25ADA07700A09DB4;
			productRefGroup = 62A1BEE825ADA07700A09DB4 /* Products */;
			projectDirPath = "";
			projectRoot = "";
			targets = (
				62A1BEE625ADA07700A09DB4 /* YCLLogCollection */,
			);
		};
/* End PBXProject section */

/* Begin PBXResourcesBuildPhase section */
		62A1BEE525ADA07700A09DB4 /* Resources */ = {
			isa = PBXResourcesBuildPhase;
			buildActionMask = 2147483647;
			files = (
				62A1BEFA25ADA07800A09DB4 /* LaunchScreen.storyboard in Resources */,
				62A1BEF725ADA07800A09DB4 /* Assets.xcassets in Resources */,
				62A1BF1125ADA0D100A09DB4 /* ITCLogCollectionViewController.xib in Resources */,
			);
			runOnlyForDeploymentPostprocessing = 0;
		};
/* End PBXResourcesBuildPhase section */

/* Begin PBXSourcesBuildPhase section */
		62A1BEE325ADA07700A09DB4 /* Sources */ = {
			isa = PBXSourcesBuildPhase;
			buildActionMask = 2147483647;
			files = (
				62A1BF0F25ADA0D100A09DB4 /* ITCInfoModel.m in Sources */,
				62A1BF1025ADA0D100A09DB4 /* ITCLogCollectionManager.m in Sources */,
				62A1BF0E25ADA0D100A09DB4 /* ITCLogCollectionViewController.m in Sources */,
				62A1BEF225ADA07700A09DB4 /* ViewController.m in Sources */,
				62A1BEEC25ADA07700A09DB4 /* AppDelegate.m in Sources */,
				62A1BEFD25ADA07800A09DB4 /* main.m in Sources */,
			);
			runOnlyForDeploymentPostprocessing = 0;
		};
/* End PBXSourcesBuildPhase section */

/* Begin PBXVariantGroup section */
		62A1BEF825ADA07800A09DB4 /* LaunchScreen.storyboard */ = {
			isa = PBXVariantGroup;
			children = (
				62A1BEF925ADA07800A09DB4 /* Base */,
			);
			name = LaunchScreen.storyboard;
			sourceTree = "<group>";
		};
/* End PBXVariantGroup section */

/* Begin XCBuildConfiguration section */
		62A1BEFE25ADA07800A09DB4 /* Debug */ = {
			isa = XCBuildConfiguration;
			buildSettings = {
				ALWAYS_SEARCH_USER_PATHS = NO;
				CLANG_ANALYZER_NONNULL = YES;
				CLANG_ANALYZER_NUMBER_OBJECT_CONVERSION = YES_AGGRESSIVE;
				CLANG_CXX_LANGUAGE_STANDARD = "gnu++14";
				CLANG_CXX_LIBRARY = "libc++";
				CLANG_ENABLE_MODULES = YES;
				CLANG_ENABLE_OBJC_ARC = YES;
				CLANG_ENABLE_OBJC_WEAK = YES;
				CLANG_WARN_BLOCK_CAPTURE_AUTORELEASING = YES;
				CLANG_WARN_BOOL_CONVERSION = YES;
				CLANG_WARN_COMMA = YES;
				CLANG_WARN_CONSTANT_CONVERSION = YES;
				CLANG_WARN_DEPRECATED_OBJC_IMPLEMENTATIONS = YES;
				CLANG_WARN_DIRECT_OBJC_ISA_USAGE = YES_ERROR;
				CLANG_WARN_DOCUMENTATION_COMMENTS = YES;
				CLANG_WARN_EMPTY_BODY = YES;
				CLANG_WARN_ENUM_CONVERSION = YES;
				CLANG_WARN_INFINITE_RECURSION = YES;
				CLANG_WARN_INT_CONVERSION = YES;
				CLANG_WARN_NON_LITERAL_NULL_CONVERSION = YES;
				CLANG_WARN_OBJC_IMPLICIT_RETAIN_SELF = YES;
				CLANG_WARN_OBJC_LITERAL_CONVERSION = YES;
				CLANG_WARN_OBJC_ROOT_CLASS = YES_ERROR;
				CLANG_WARN_QUOTED_INCLUDE_IN_FRAMEWORK_HEADER = YES;
				CLANG_WARN_RANGE_LOOP_ANALYSIS = YES;
				CLANG_WARN_STRICT_PROTOTYPES = YES;
				CLANG_WARN_SUSPICIOUS_MOVE = YES;
				CLANG_WARN_UNGUARDED_AVAILABILITY = YES_AGGRESSIVE;
				CLANG_WARN_UNREACHABLE_CODE = YES;
				CLANG_WARN__DUPLICATE_METHOD_MATCH = YES;
				COPY_PHASE_STRIP = NO;
				DEBUG_INFORMATION_FORMAT = dwarf;
				ENABLE_STRICT_OBJC_MSGSEND = YES;
				ENABLE_TESTABILITY = YES;
				GCC_C_LANGUAGE_STANDARD = gnu11;
				GCC_DYNAMIC_NO_PIC = NO;
				GCC_NO_COMMON_BLOCKS = YES;
				GCC_OPTIMIZATION_LEVEL = 0;
				GCC_PREPROCESSOR_DEFINITIONS = (
					"DEBUG=1",
					"$(inherited)",
				);
				GCC_WARN_64_TO_32_BIT_CONVERSION = YES;
				GCC_WARN_ABOUT_RETURN_TYPE = YES_ERROR;
				GCC_WARN_UNDECLARED_SELECTOR = YES;
				GCC_WARN_UNINITIALIZED_AUTOS = YES_AGGRESSIVE;
				GCC_WARN_UNUSED_FUNCTION = YES;
				GCC_WARN_UNUSED_VARIABLE = YES;
				IPHONEOS_DEPLOYMENT_TARGET = 14.3;
				MTL_ENABLE_DEBUG_INFO = INCLUDE_SOURCE;
				MTL_FAST_MATH = YES;
				ONLY_ACTIVE_ARCH = YES;
				SDKROOT = iphoneos;
			};
			name = Debug;
		};
		62A1BEFF25ADA07800A09DB4 /* Release */ = {
			isa = XCBuildConfiguration;
			buildSettings = {
				ALWAYS_SEARCH_USER_PATHS = NO;
				CLANG_ANALYZER_NONNULL = YES;
				CLANG_ANALYZER_NUMBER_OBJECT_CONVERSION = YES_AGGRESSIVE;
				CLANG_CXX_LANGUAGE_STANDARD = "gnu++14";
				CLANG_CXX_LIBRARY = "libc++";
				CLANG_ENABLE_MODULES = YES;
				CLANG_ENABLE_OBJC_ARC = YES;
				CLANG_ENABLE_OBJC_WEAK = YES;
				CLANG_WARN_BLOCK_CAPTURE_AUTORELEASING = YES;
				CLANG_WARN_BOOL_CONVERSION = YES;
				CLANG_WARN_COMMA = YES;
				CLANG_WARN_CONSTANT_CONVERSION = YES;
				CLANG_WARN_DEPRECATED_OBJC_IMPLEMENTATIONS = YES;
				CLANG_WARN_DIRECT_OBJC_ISA_USAGE = YES_ERROR;
				CLANG_WARN_DOCUMENTATION_COMMENTS = YES;
				CLANG_WARN_EMPTY_BODY = YES;
				CLANG_WARN_ENUM_CONVERSION = YES;
				CLANG_WARN_INFINITE_RECURSION = YES;
				CLANG_WARN_INT_CONVERSION = YES;
				CLANG_WARN_NON_LITERAL_NULL_CONVERSION = YES;
				CLANG_WARN_OBJC_IMPLICIT_RETAIN_SELF = YES;
				CLANG_WARN_OBJC_LITERAL_CONVERSION = YES;
				CLANG_WARN_OBJC_ROOT_CLASS = YES_ERROR;
				CLANG_WARN_QUOTED_INCLUDE_IN_FRAMEWORK_HEADER = YES;
				CLANG_WARN_RANGE_LOOP_ANALYSIS = YES;
				CLANG_WARN_STRICT_PROTOTYPES = YES;
				CLANG_WARN_SUSPICIOUS_MOVE = YES;
				CLANG_WARN_UNGUARDED_AVAILABILITY = YES_AGGRESSIVE;
				CLANG_WARN_UNREACHABLE_CODE = YES;
				CLANG_WARN__DUPLICATE_METHOD_MATCH = YES;
				COPY_PHASE_STRIP = NO;
				DEBUG_INFORMATION_FORMAT = "dwarf-with-dsym";
				ENABLE_NS_ASSERTIONS = NO;
				ENABLE_STRICT_OBJC_MSGSEND = YES;
				GCC_C_LANGUAGE_STANDARD = gnu11;
				GCC_NO_COMMON_BLOCKS = YES;
				GCC_WARN_64_TO_32_BIT_CONVERSION = YES;
				GCC_WARN_ABOUT_RETURN_TYPE = YES_ERROR;
				GCC_WARN_UNDECLARED_SELECTOR = YES;
				GCC_WARN_UNINITIALIZED_AUTOS = YES_AGGRESSIVE;
				GCC_WARN_UNUSED_FUNCTION = YES;
				GCC_WARN_UNUSED_VARIABLE = YES;
				IPHONEOS_DEPLOYMENT_TARGET = 14.3;
				MTL_ENABLE_DEBUG_INFO = NO;
				MTL_FAST_MATH = YES;
				SDKROOT = iphoneos;
				VALIDATE_PRODUCT = YES;
			};
			name = Release;
		};
		62A1BF0125ADA07800A09DB4 /* Debug */ = {
			isa = XCBuildConfiguration;
			buildSettings = {
				ASSETCATALOG_COMPILER_APPICON_NAME = AppIcon;
				ASSETCATALOG_COMPILER_GLOBAL_ACCENT_COLOR_NAME = AccentColor;
				CODE_SIGN_STYLE = Automatic;
				INFOPLIST_FILE = YCLLogCollection/Info.plist;
				LD_RUNPATH_SEARCH_PATHS = (
					"$(inherited)",
					"@executable_path/Frameworks",
				);
				MARKETING_VERSION = 1.0.3;
				PRODUCT_BUNDLE_IDENTIFIER = com.itc.YCLLogCollection;
				PRODUCT_NAME = "$(TARGET_NAME)";
				TARGETED_DEVICE_FAMILY = "1,2";
			};
			name = Debug;
		};
		62A1BF0225ADA07800A09DB4 /* Release */ = {
			isa = XCBuildConfiguration;
			buildSettings = {
				ASSETCATALOG_COMPILER_APPICON_NAME = AppIcon;
				ASSETCATALOG_COMPILER_GLOBAL_ACCENT_COLOR_NAME = AccentColor;
				CODE_SIGN_STYLE = Automatic;
				INFOPLIST_FILE = YCLLogCollection/Info.plist;
				LD_RUNPATH_SEARCH_PATHS = (
					"$(inherited)",
					"@executable_path/Frameworks",
				);
				MARKETING_VERSION = 1.0.3;
				PRODUCT_BUNDLE_IDENTIFIER = com.itc.YCLLogCollection;
				PRODUCT_NAME = "$(TARGET_NAME)";
				TARGETED_DEVICE_FAMILY = "1,2";
			};
			name = Release;
		};
/* End XCBuildConfiguration section */

/* Begin XCConfigurationList section */
		62A1BEE225ADA07700A09DB4 /* Build configuration list for PBXProject "YCLLogCollection" */ = {
			isa = XCConfigurationList;
			buildConfigurations = (
				62A1BEFE25ADA07800A09DB4 /* Debug */,
				62A1BEFF25ADA07800A09DB4 /* Release */,
			);
			defaultConfigurationIsVisible = 0;
			defaultConfigurationName = Release;
		};
		62A1BF0025ADA07800A09DB4 /* Build configuration list for PBXNativeTarget "YCLLogCollection" */ = {
			isa = XCConfigurationList;
			buildConfigurations = (
				62A1BF0125ADA07800A09DB4 /* Debug */,
				62A1BF0225ADA07800A09DB4 /* Release */,
			);
			defaultConfigurationIsVisible = 0;
			defaultConfigurationName = Release;
		};
/* End XCConfigurationList section */
	};
	rootObject = 62A1BEDF25ADA07700A09DB4 /* Project object */;
}
